
Microsoft Visual Studio Solution File, Format Version 12.00
# Visual Studio Version 17
VisualStudioVersion = 17.5.33627.172
MinimumVisualStudioVersion = 10.0.40219.1
Project("{FAE04EC0-301F-11D3-BF4B-00C04F79EFBC}") = "LASTLABA", "LASTLABA\LASTLABA.csproj", "{087EA6B4-FE26-4F11-AC7D-E878ECD64F1D}"
EndProject
Global
	GlobalSection(SolutionConfigurationPlatforms) = preSolution
		Debug|Any CPU = Debug|Any CPU
		Release|Any CPU = Release|Any CPU
	EndGlobalSection
	GlobalSection(ProjectConfigurationPlatforms) = postSolution
		{087EA6B4-FE26-4F11-AC7D-E878ECD64F1D}.Debug|Any CPU.ActiveCfg = Debug|Any CPU
		{087EA6B4-FE26-4F11-AC7D-E878ECD64F1D}.Debug|Any CPU.Build.0 = Debug|Any CPU
		{087EA6B4-FE26-4F11-AC7D-E878ECD64F1D}.Release|Any CPU.ActiveCfg = Release|Any CPU
		{087EA6B4-FE26-4F11-AC7D-E878ECD64F1D}.Release|Any CPU.Build.0 = Release|Any CPU
	EndGlobalSection
	GlobalSection(SolutionProperties) = preSolution
		HideSolutionNode = FALSE
	EndGlobalSection
	GlobalSection(ExtensibilityGlobals) = postSolution
		SolutionGuid = {7FE1E583-5321-4E2B-8AD0-6051BB6514BF}
	EndGlobalSection
EndGlobal
